
Microsoft Visual Studio Solution File, Format Version 12.00
# Visual Studio Version 17
VisualStudioVersion = 17.6.33815.320
MinimumVisualStudioVersion = 10.0.40219.1
Project("{FAE04EC0-301F-11D3-BF4B-00C04F79EFBC}") = "BlazorWebAssemblySignalRApp.Server", "BlazorWebAssemblySignalRApp\Server\BlazorWebAssemblySignalRApp.Server.csproj", "{44D72B5D-29CE-42FA-96C9-EF073CD4DB77}"
EndProject
Project("{FAE04EC0-301F-11D3-BF4B-00C04F79EFBC}") = "BlazorWebAssemblySignalRApp.Client", "BlazorWebAssemblySignalRApp\Client\BlazorWebAssemblySignalRApp.Client.csproj", "{18440537-2703-4D83-876E-B6AA07804A5F}"
EndProject
Project("{FAE04EC0-301F-11D3-BF4B-00C04F79EFBC}") = "BlazorWebAssemblySignalRApp.Shared", "BlazorWebAssemblySignalRApp\Shared\BlazorWebAssemblySignalRApp.Shared.csproj", "{8C127645-5D14-4C43-A88A-772D2D3B2F37}"
EndProject
Global
	GlobalSection(SolutionConfigurationPlatforms) = preSolution
		Debug|Any CPU = Debug|Any CPU
		Release|Any CPU = Release|Any CPU
	EndGlobalSection
	GlobalSection(ProjectConfigurationPlatforms) = postSolution
		{44D72B5D-29CE-42FA-96C9-EF073CD4DB77}.Debug|Any CPU.ActiveCfg = Debug|Any CPU
		{44D72B5D-29CE-42FA-96C9-EF073CD4DB77}.Debug|Any CPU.Build.0 = Debug|Any CPU
		{44D72B5D-29CE-42FA-96C9-EF073CD4DB77}.Release|Any CPU.ActiveCfg = Release|Any CPU
		{44D72B5D-29CE-42FA-96C9-EF073CD4DB77}.Release|Any CPU.Build.0 = Release|Any CPU
		{18440537-2703-4D83-876E-B6AA07804A5F}.Debug|Any CPU.ActiveCfg = Debug|Any CPU
		{18440537-2703-4D83-876E-B6AA07804A5F}.Debug|Any CPU.Build.0 = Debug|Any CPU
		{18440537-2703-4D83-876E-B6AA07804A5F}.Release|Any CPU.ActiveCfg = Release|Any CPU
		{18440537-2703-4D83-876E-B6AA07804A5F}.Release|Any CPU.Build.0 = Release|Any CPU
		{8C127645-5D14-4C43-A88A-772D2D3B2F37}.Debug|Any CPU.ActiveCfg = Debug|Any CPU
		{8C127645-5D14-4C43-A88A-772D2D3B2F37}.Debug|Any CPU.Build.0 = Debug|Any CPU
		{8C127645-5D14-4C43-A88A-772D2D3B2F37}.Release|Any CPU.ActiveCfg = Release|Any CPU
		{8C127645-5D14-4C43-A88A-772D2D3B2F37}.Release|Any CPU.Build.0 = Release|Any CPU
	EndGlobalSection
	GlobalSection(SolutionProperties) = preSolution
		HideSolutionNode = FALSE
	EndGlobalSection
	GlobalSection(ExtensibilityGlobals) = postSolution
		SolutionGuid = {5B7AFD03-0042-46ED-8E60-0D2ABBE25DA0}
	EndGlobalSection
EndGlobal
